// !$*UTF8*$!
{
	archiveVersion = 1;
	classes = {
	};
	objectVersion = 50;
	objects = {

/* Begin PBXBuildFile section */
		CB712822266F57850080F890 /* AppDelegate.swift in Sources */ = {isa = PBXBuildFile; fileRef = CB712821266F57850080F890 /* AppDelegate.swift */; };
		CB712824266F57850080F890 /* SceneDelegate.swift in Sources */ = {isa = PBXBuildFile; fileRef = CB712823266F57850080F890 /* SceneDelegate.swift */; };
		CB712826266F57850080F890 /* ViewController.swift in Sources */ = {isa = PBXBuildFile; fileRef = CB712825266F57850080F890 /* ViewController.swift */; };
		CB712829266F57850080F890 /* Main.storyboard in Resources */ = {isa = PBXBuildFile; fileRef = CB712827266F57850080F890 /* Main.storyboard */; };
		CB71282B266F57870080F890 /* Assets.xcassets in Resources */ = {isa = PBXBuildFile; fileRef = CB71282A266F57870080F890 /* Assets.xcassets */; };
		CB71282E266F57870080F890 /* LaunchScreen.storyboard in Resources */ = {isa = PBXBuildFile; fileRef = CB71282C266F57870080F890 /* LaunchScreen.storyboard */; };
		CB712836266F8C120080F890 /* Part2ViewController.swift in Sources */ = {isa = PBXBuildFile; fileRef = CB712835266F8C120080F890 /* Part2ViewController.swift */; };
		CB712838267066200080F890 /* Part3ViewController.swift in Sources */ = {isa = PBXBuildFile; fileRef = CB712837267066200080F890 /* Part3ViewController.swift */; };
		CB71283A267073C70080F890 /* Part4ViewController.swift in Sources */ = {isa = PBXBuildFile; fileRef = CB712839267073C70080F890 /* Part4ViewController.swift */; };
/* End PBXBuildFile section */

/* Begin PBXFileReference section */
		CB71281E266F57850080F890 /* Swift.BTVN9.app */ = {isa = PBXFileReference; explicitFileType = wrapper.application; includeInIndex = 0; path = Swift.BTVN9.app; sourceTree = BUILT_PRODUCTS_DIR; };
		CB712821266F57850080F890 /* AppDelegate.swift */ = {isa = PBXFileReference; lastKnownFileType = sourcecode.swift; path = AppDelegate.swift; sourceTree = "<group>"; };
		CB712823266F57850080F890 /* SceneDelegate.swift */ = {isa = PBXFileReference; lastKnownFileType = sourcecode.swift; path = SceneDelegate.swift; sourceTree = "<group>"; };
		CB712825266F57850080F890 /* ViewController.swift */ = {isa = PBXFileReference; lastKnownFileType = sourcecode.swift; path = ViewController.swift; sourceTree = "<group>"; };
		CB712828266F57850080F890 /* Base */ = {isa = PBXFileReference; lastKnownFileType = file.storyboard; name = Base; path = Base.lproj/Main.storyboard; sourceTree = "<group>"; };
		CB71282A266F57870080F890 /* Assets.xcassets */ = {isa = PBXFileReference; lastKnownFileType = folder.assetcatalog; path = Assets.xcassets; sourceTree = "<group>"; };
		CB71282D266F57870080F890 /* Base */ = {isa = PBXFileReference; lastKnownFileType = file.storyboard; name = Base; path = Base.lproj/LaunchScreen.storyboard; sourceTree = "<group>"; };
		CB71282F266F57870080F890 /* Info.plist */ = {isa = PBXFileReference; lastKnownFileType = text.plist.xml; path = Info.plist; sourceTree = "<group>"; };
		CB712835266F8C120080F890 /* Part2ViewController.swift */ = {isa = PBXFileReference; lastKnownFileType = sourcecode.swift; path = Part2ViewController.swift; sourceTree = "<group>"; };
		CB712837267066200080F890 /* Part3ViewController.swift */ = {isa = PBXFileReference; lastKnownFileType = sourcecode.swift; path = Part3ViewController.swift; sourceTree = "<group>"; };
		CB712839267073C70080F890 /* Part4ViewController.swift */ = {isa = PBXFileReference; lastKnownFileType = sourcecode.swift; path = Part4ViewController.swift; sourceTree = "<group>"; };
/* End PBXFileReference section */

/* Begin PBXFrameworksBuildPhase section */
		CB71281B266F57850080F890 /* Frameworks */ = {
			isa = PBXFrameworksBuildPhase;
			buildActionMask = 2147483647;
			files = (
			);
			runOnlyForDeploymentPostprocessing = 0;
		};
/* End PBXFrameworksBuildPhase section */

/* Begin PBXGroup section */
		CB712815266F57840080F890 = {
			isa = PBXGroup;
			children = (
				CB712820266F57850080F890 /* Swift.BTVN9 */,
				CB71281F266F57850080F890 /* Products */,
			);
			sourceTree = "<group>";
		};
		CB71281F266F57850080F890 /* Products */ = {
			isa = PBXGroup;
			children = (
				CB71281E266F57850080F890 /* Swift.BTVN9.app */,
			);
			name = Products;
			sourceTree = "<group>";
		};
		CB712820266F57850080F890 /* Swift.BTVN9 */ = {
			isa = PBXGroup;
			children = (
				CB712821266F57850080F890 /* AppDelegate.swift */,
				CB712823266F57850080F890 /* SceneDelegate.swift */,
				CB712825266F57850080F890 /* ViewController.swift */,
				CB712839267073C70080F890 /* Part4ViewController.swift */,
				CB712835266F8C120080F890 /* Part2ViewController.swift */,
				CB712837267066200080F890 /* Part3ViewController.swift */,
				CB712827266F57850080F890 /* Main.storyboard */,
				CB71282A266F57870080F890 /* Assets.xcassets */,
				CB71282C266F57870080F890 /* LaunchScreen.storyboard */,
				CB71282F266F57870080F890 /* Info.plist */,
			);
			path = Swift.BTVN9;
			sourceTree = "<group>";
		};
/* End PBXGroup section */

/* Begin PBXNativeTarget section */
		CB71281D266F57850080F890 /* Swift.BTVN9 */ = {
			isa = PBXNativeTarget;
			buildConfigurationList = CB712832266F57870080F890 /* Build configuration list for PBXNativeTarget "Swift.BTVN9" */;
			buildPhases = (
				CB71281A266F57850080F890 /* Sources */,
				CB71281B266F57850080F890 /* Frameworks */,
				CB71281C266F57850080F890 /* Resources */,
			);
			buildRules = (
			);
			dependencies = (
			);
			name = Swift.BTVN9;
			productName = Swift.BTVN9;
			productReference = CB71281E266F57850080F890 /* Swift.BTVN9.app */;
			productType = "com.apple.product-type.application";
		};
/* End PBXNativeTarget section */

/* Begin PBXProject section */
		CB712816266F57840080F890 /* Project object */ = {
			isa = PBXProject;
			attributes = {
				LastSwiftUpdateCheck = 1250;
				LastUpgradeCheck = 1250;
				TargetAttributes = {
					CB71281D266F57850080F890 = {
						CreatedOnToolsVersion = 12.5;
					};
				};
			};
			buildConfigurationList = CB712819266F57840080F890 /* Build configuration list for PBXProject "Swift.BTVN9" */;
			compatibilityVersion = "Xcode 9.3";
			developmentRegion = en;
			hasScannedForEncodings = 0;
			knownRegions = (
				en,
				Base,
			);
			mainGroup = CB712815266F57840080F890;
			productRefGroup = CB71281F266F57850080F890 /* Products */;
			projectDirPath = "";
			projectRoot = "";
			targets = (
				CB71281D266F57850080F890 /* Swift.BTVN9 */,
			);
		};
/* End PBXProject section */

/* Begin PBXResourcesBuildPhase section */
		CB71281C266F57850080F890 /* Resources */ = {
			isa = PBXResourcesBuildPhase;
			buildActionMask = 2147483647;
			files = (
				CB71282E266F57870080F890 /* LaunchScreen.storyboard in Resources */,
				CB71282B266F57870080F890 /* Assets.xcassets in Resources */,
				CB712829266F57850080F890 /* Main.storyboard in Resources */,
			);
			runOnlyForDeploymentPostprocessing = 0;
		};
/* End PBXResourcesBuildPhase section */

/* Begin PBXSourcesBuildPhase section */
		CB71281A266F57850080F890 /* Sources */ = {
			isa = PBXSourcesBuildPhase;
			buildActionMask = 2147483647;
			files = (
				CB71283A267073C70080F890 /* Part4ViewController.swift in Sources */,
				CB712838267066200080F890 /* Part3ViewController.swift in Sources */,
				CB712836266F8C120080F890 /* Part2ViewController.swift in Sources */,
				CB712826266F57850080F890 /* ViewController.swift in Sources */,
				CB712822266F57850080F890 /* AppDelegate.swift in Sources */,
				CB712824266F57850080F890 /* SceneDelegate.swift in Sources */,
			);
			runOnlyForDeploymentPostprocessing = 0;
		};
/* End PBXSourcesBuildPhase section */

/* Begin PBXVariantGroup section */
		CB712827266F57850080F890 /* Main.storyboard */ = {
			isa = PBXVariantGroup;
			children = (
				CB712828266F57850080F890 /* Base */,
			);
			name = Main.storyboard;
			sourceTree = "<group>";
		};
		CB71282C266F57870080F890 /* LaunchScreen.storyboard */ = {
			isa = PBXVariantGroup;
			children = (
				CB71282D266F57870080F890 /* Base */,
			);
			name = LaunchScreen.storyboard;
			sourceTree = "<group>";
		};
/* End PBXVariantGroup section */

/* Begin XCBuildConfiguration section */
		CB712830266F57870080F890 /* Debug */ = {
			isa = XCBuildConfiguration;
			buildSettings = {
				ALWAYS_SEARCH_USER_PATHS = NO;
				CLANG_ANALYZER_NONNULL = YES;
				CLANG_ANALYZER_NUMBER_OBJECT_CONVERSION = YES_AGGRESSIVE;
				CLANG_CXX_LANGUAGE_STANDARD = "gnu++14";
				CLANG_CXX_LIBRARY = "libc++";
				CLANG_ENABLE_MODULES = YES;
				CLANG_ENABLE_OBJC_ARC = YES;
				CLANG_ENABLE_OBJC_WEAK = YES;
				CLANG_WARN_BLOCK_CAPTURE_AUTORELEASING = YES;
				CLANG_WARN_BOOL_CONVERSION = YES;
				CLANG_WARN_COMMA = YES;
				CLANG_WARN_CONSTANT_CONVERSION = YES;
				CLANG_WARN_DEPRECATED_OBJC_IMPLEMENTATIONS = YES;
				CLANG_WARN_DIRECT_OBJC_ISA_USAGE = YES_ERROR;
				CLANG_WARN_DOCUMENTATION_COMMENTS = YES;
				CLANG_WARN_EMPTY_BODY = YES;
				CLANG_WARN_ENUM_CONVERSION = YES;
				CLANG_WARN_INFINITE_RECURSION = YES;
				CLANG_WARN_INT_CONVERSION = YES;
				CLANG_WARN_NON_LITERAL_NULL_CONVERSION = YES;
				CLANG_WARN_OBJC_IMPLICIT_RETAIN_SELF = YES;
				CLANG_WARN_OBJC_LITERAL_CONVERSION = YES;
				CLANG_WARN_OBJC_ROOT_CLASS = YES_ERROR;
				CLANG_WARN_QUOTED_INCLUDE_IN_FRAMEWORK_HEADER = YES;
				CLANG_WARN_RANGE_LOOP_ANALYSIS = YES;
				CLANG_WARN_STRICT_PROTOTYPES = YES;
				CLANG_WARN_SUSPICIOUS_MOVE = YES;
				CLANG_WARN_UNGUARDED_AVAILABILITY = YES_AGGRESSIVE;
				CLANG_WARN_UNREACHABLE_CODE = YES;
				CLANG_WARN__DUPLICATE_METHOD_MATCH = YES;
				COPY_PHASE_STRIP = NO;
				DEBUG_INFORMATION_FORMAT = dwarf;
				ENABLE_STRICT_OBJC_MSGSEND = YES;
				ENABLE_TESTABILITY = YES;
				GCC_C_LANGUAGE_STANDARD = gnu11;
				GCC_DYNAMIC_NO_PIC = NO;
				GCC_NO_COMMON_BLOCKS = YES;
				GCC_OPTIMIZATION_LEVEL = 0;
				GCC_PREPROCESSOR_DEFINITIONS = (
					"DEBUG=1",
					"$(inherited)",
				);
				GCC_WARN_64_TO_32_BIT_CONVERSION = YES;
				GCC_WARN_ABOUT_RETURN_TYPE = YES_ERROR;
				GCC_WARN_UNDECLARED_SELECTOR = YES;
				GCC_WARN_UNINITIALIZED_AUTOS = YES_AGGRESSIVE;
				GCC_WARN_UNUSED_FUNCTION = YES;
				GCC_WARN_UNUSED_VARIABLE = YES;
				IPHONEOS_DEPLOYMENT_TARGET = 14.5;
				MTL_ENABLE_DEBUG_INFO = INCLUDE_SOURCE;
				MTL_FAST_MATH = YES;
				ONLY_ACTIVE_ARCH = YES;
				SDKROOT = iphoneos;
				SWIFT_ACTIVE_COMPILATION_CONDITIONS = DEBUG;
				SWIFT_OPTIMIZATION_LEVEL = "-Onone";
			};
			name = Debug;
		};
		CB712831266F57870080F890 /* Release */ = {
			isa = XCBuildConfiguration;
			buildSettings = {
				ALWAYS_SEARCH_USER_PATHS = NO;
				CLANG_ANALYZER_NONNULL = YES;
				CLANG_ANALYZER_NUMBER_OBJECT_CONVERSION = YES_AGGRESSIVE;
				CLANG_CXX_LANGUAGE_STANDARD = "gnu++14";
				CLANG_CXX_LIBRARY = "libc++";
				CLANG_ENABLE_MODULES = YES;
				CLANG_ENABLE_OBJC_ARC = YES;
				CLANG_ENABLE_OBJC_WEAK = YES;
				CLANG_WARN_BLOCK_CAPTURE_AUTORELEASING = YES;
				CLANG_WARN_BOOL_CONVERSION = YES;
				CLANG_WARN_COMMA = YES;
				CLANG_WARN_CONSTANT_CONVERSION = YES;
				CLANG_WARN_DEPRECATED_OBJC_IMPLEMENTATIONS = YES;
				CLANG_WARN_DIRECT_OBJC_ISA_USAGE = YES_ERROR;
				CLANG_WARN_DOCUMENTATION_COMMENTS = YES;
				CLANG_WARN_EMPTY_BODY = YES;
				CLANG_WARN_ENUM_CONVERSION = YES;
				CLANG_WARN_INFINITE_RECURSION = YES;
				CLANG_WARN_INT_CONVERSION = YES;
				CLANG_WARN_NON_LITERAL_NULL_CONVERSION = YES;
				CLANG_WARN_OBJC_IMPLICIT_RETAIN_SELF = YES;
				CLANG_WARN_OBJC_LITERAL_CONVERSION = YES;
				CLANG_WARN_OBJC_ROOT_CLASS = YES_ERROR;
				CLANG_WARN_QUOTED_INCLUDE_IN_FRAMEWORK_HEADER = YES;
				CLANG_WARN_RANGE_LOOP_ANALYSIS = YES;
				CLANG_WARN_STRICT_PROTOTYPES = YES;
				CLANG_WARN_SUSPICIOUS_MOVE = YES;
				CLANG_WARN_UNGUARDED_AVAILABILITY = YES_AGGRESSIVE;
				CLANG_WARN_UNREACHABLE_CODE = YES;
				CLANG_WARN__DUPLICATE_METHOD_MATCH = YES;
				COPY_PHASE_STRIP = NO;
				DEBUG_INFORMATION_FORMAT = "dwarf-with-dsym";
				ENABLE_NS_ASSERTIONS = NO;
				ENABLE_STRICT_OBJC_MSGSEND = YES;
				GCC_C_LANGUAGE_STANDARD = gnu11;
				GCC_NO_COMMON_BLOCKS = YES;
				GCC_WARN_64_TO_32_BIT_CONVERSION = YES;
				GCC_WARN_ABOUT_RETURN_TYPE = YES_ERROR;
				GCC_WARN_UNDECLARED_SELECTOR = YES;
				GCC_WARN_UNINITIALIZED_AUTOS = YES_AGGRESSIVE;
				GCC_WARN_UNUSED_FUNCTION = YES;
				GCC_WARN_UNUSED_VARIABLE = YES;
				IPHONEOS_DEPLOYMENT_TARGET = 14.5;
				MTL_ENABLE_DEBUG_INFO = NO;
				MTL_FAST_MATH = YES;
				SDKROOT = iphoneos;
				SWIFT_COMPILATION_MODE = wholemodule;
				SWIFT_OPTIMIZATION_LEVEL = "-O";
				VALIDATE_PRODUCT = YES;
			};
			name = Release;
		};
		CB712833266F57870080F890 /* Debug */ = {
			isa = XCBuildConfiguration;
			buildSettings = {
				ASSETCATALOG_COMPILER_APPICON_NAME = AppIcon;
				ASSETCATALOG_COMPILER_GLOBAL_ACCENT_COLOR_NAME = AccentColor;
				CODE_SIGN_STYLE = Automatic;
				INFOPLIST_FILE = Swift.BTVN9/Info.plist;
				LD_RUNPATH_SEARCH_PATHS = (
					"$(inherited)",
					"@executable_path/Frameworks",
				);
				PRODUCT_BUNDLE_IDENTIFIER = "swift.Swift-BTVN9";
				PRODUCT_NAME = "$(TARGET_NAME)";
				SWIFT_VERSION = 5.0;
				TARGETED_DEVICE_FAMILY = "1,2";
			};
			name = Debug;
		};
		CB712834266F57870080F890 /* Release */ = {
			isa = XCBuildConfiguration;
			buildSettings = {
				ASSETCATALOG_COMPILER_APPICON_NAME = AppIcon;
				ASSETCATALOG_COMPILER_GLOBAL_ACCENT_COLOR_NAME = AccentColor;
				CODE_SIGN_STYLE = Automatic;
				INFOPLIST_FILE = Swift.BTVN9/Info.plist;
				LD_RUNPATH_SEARCH_PATHS = (
					"$(inherited)",
					"@executable_path/Frameworks",
				);
				PRODUCT_BUNDLE_IDENTIFIER = "swift.Swift-BTVN9";
				PRODUCT_NAME = "$(TARGET_NAME)";
				SWIFT_VERSION = 5.0;
				TARGETED_DEVICE_FAMILY = "1,2";
			};
			name = Release;
		};
/* End XCBuildConfiguration section */

/* Begin XCConfigurationList section */
		CB712819266F57840080F890 /* Build configuration list for PBXProject "Swift.BTVN9" */ = {
			isa = XCConfigurationList;
			buildConfigurations = (
				CB712830266F57870080F890 /* Debug */,
				CB712831266F57870080F890 /* Release */,
			);
			defaultConfigurationIsVisible = 0;
			defaultConfigurationName = Release;
		};
		CB712832266F57870080F890 /* Build configuration list for PBXNativeTarget "Swift.BTVN9" */ = {
			isa = XCConfigurationList;
			buildConfigurations = (
				CB712833266F57870080F890 /* Debug */,
				CB712834266F57870080F890 /* Release */,
			);
			defaultConfigurationIsVisible = 0;
			defaultConfigurationName = Release;
		};
/* End XCConfigurationList section */
	};
	rootObject = CB712816266F57840080F890 /* Project object */;
}
